PODS:
  - KeychainAccess (3.1.2)
  - Realm (3.13.1):
    - Realm/Headers (= 3.13.1)
  - Realm/Headers (3.13.1)
  - RealmSwift (3.13.1):
    - Realm (= 3.13.1)
  - RSRealmHelper (1.0.1):
    - KeychainAccess
    - RealmSwift

DEPENDENCIES:
  - RSRealmHelper (from `../`)

SPEC REPOS:
  https://github.com/cocoapods/specs.git:
    - KeychainAccess
    - Realm
    - RealmSwift

EXTERNAL SOURCES:
  RSRealmHelper:
    :path: "../"

SPEC CHECKSUMS:
  KeychainAccess: b3816fddcf28aa29d94b10ec305cd52be14c472b
  Realm: 50071da38fe079e0735e47c9f2eae738c68c5996
  RealmSwift: 8a1e6a02b7a08cd17a31e3115143fb69fe5f3fb9
  RSRealmHelper: 1f187c8f0054a3adb15816e33fc1518699d9c882

PODFILE CHECKSUM: 592e887ac6c49aa1b216bd2a8c16943a883a4544

COCOAPODS: 1.5.3
