PODS:
  - KeychainAccess (4.1.0)
  - Realm (4.1.1):
    - Realm/Headers (= 4.1.1)
  - Realm/Headers (4.1.1)
  - RealmSwift (4.1.1):
    - Realm (= 4.1.1)
  - RSRealmHelper (1.1.0):
    - KeychainAccess
    - RealmSwift

DEPENDENCIES:
  - RSRealmHelper (from `../`)

SPEC REPOS:
  trunk:
    - KeychainAccess
    - Realm
    - RealmSwift

EXTERNAL SOURCES:
  RSRealmHelper:
    :path: "../"

SPEC CHECKSUMS:
  KeychainAccess: 445e28864fe6d3458b41fa211bcdc39890e8bd5a
  Realm: 25f0a8244cbb1c2271c922963ea8666fc2d8104d
  RealmSwift: 9e2657b33764f80e4a4dffd6d440e24715782052
  RSRealmHelper: bb5109b63e38ed77d59b0c6d999d6249317af874

PODFILE CHECKSUM: 592e887ac6c49aa1b216bd2a8c16943a883a4544

COCOAPODS: 1.8.4
