PODS:
  - KeychainAccess (3.1.1)
  - Realm (3.7.6):
    - Realm/Headers (= 3.7.6)
  - Realm/Headers (3.7.6)
  - RealmSwift (3.7.6):
    - Realm (= 3.7.6)
  - RSRealmHelper (1.0.0):
    - KeychainAccess
    - RealmSwift

DEPENDENCIES:
  - RSRealmHelper (from `../`)

SPEC REPOS:
  https://github.com/cocoapods/specs.git:
    - KeychainAccess
    - Realm
    - RealmSwift

EXTERNAL SOURCES:
  RSRealmHelper:
    :path: "../"

SPEC CHECKSUMS:
  KeychainAccess: 7bd430028059754a3debab3cfc0bd1fc7fb85df3
  Realm: 9eaecad54712d6246d08ba34c10f354e4715d7d3
  RealmSwift: 1fe08b4ebaeeaacf17f9ba0343f7b25c9fc31fa6
  RSRealmHelper: ab4a4934b2ebf31966f843fb88aaa5dc50d263e3

PODFILE CHECKSUM: 592e887ac6c49aa1b216bd2a8c16943a883a4544

COCOAPODS: 1.5.3
